# @generated - this file is auto-generated by `mise lock` https://mise.jdx.dev/dev-tools/mise-lock.html

[[tools.direnv]]
version = "2.37.1"
backend = "asdf:direnv"

[[tools."github:casey/just"]]
version = "1.50.0"
backend = "github:casey/just"

[tools."github:casey/just"."platforms.linux-arm64"]
checksum = "sha256:3beb4967ce05883cf09ac12d6d128166eb4c6d0b03eff74b61018a6880655d7d"
url = "https://github.com/casey/just/releases/download/1.50.0/just-1.50.0-aarch64-unknown-linux-musl.tar.gz"
url_api = "https://api.github.com/repos/casey/just/releases/assets/400236328"

[tools."github:casey/just"."platforms.linux-arm64-musl"]
checksum = "sha256:3beb4967ce05883cf09ac12d6d128166eb4c6d0b03eff74b61018a6880655d7d"
url = "https://github.com/casey/just/releases/download/1.50.0/just-1.50.0-aarch64-unknown-linux-musl.tar.gz"
url_api = "https://api.github.com/repos/casey/just/releases/assets/400236328"

[tools."github:casey/just"."platforms.linux-x64"]
checksum = "sha256:27e011cd6328fadd632e59233d2cf5f18460b8a8c4269acd324c1a8669f34db0"
url = "https://github.com/casey/just/releases/download/1.50.0/just-1.50.0-x86_64-unknown-linux-musl.tar.gz"
url_api = "https://api.github.com/repos/casey/just/releases/assets/400236221"

[tools."github:casey/just"."platforms.linux-x64-musl"]
checksum = "sha256:27e011cd6328fadd632e59233d2cf5f18460b8a8c4269acd324c1a8669f34db0"
url = "https://github.com/casey/just/releases/download/1.50.0/just-1.50.0-x86_64-unknown-linux-musl.tar.gz"
url_api = "https://api.github.com/repos/casey/just/releases/assets/400236221"

[tools."github:casey/just"."platforms.macos-arm64"]
checksum = "sha256:891262207663bff1aa422dbe799a76deae4064eaa445f14eb28aef7a388222cd"
url = "https://github.com/casey/just/releases/download/1.50.0/just-1.50.0-aarch64-apple-darwin.tar.gz"
url_api = "https://api.github.com/repos/casey/just/releases/assets/400236356"

[tools."github:casey/just"."platforms.macos-x64"]
checksum = "sha256:e4fa28fe63381ca32fad101e86d4a1da7cd2d34d1b080985a37ec9dc951922fe"
url = "https://github.com/casey/just/releases/download/1.50.0/just-1.50.0-x86_64-apple-darwin.tar.gz"
url_api = "https://api.github.com/repos/casey/just/releases/assets/400236033"

[tools."github:casey/just"."platforms.windows-x64"]
checksum = "sha256:5dc713f049e174e22de41fd06292a26c9b90f2d37c1be9390d2082fe6928b376"
url = "https://github.com/casey/just/releases/download/1.50.0/just-1.50.0-x86_64-pc-windows-msvc.zip"
url_api = "https://api.github.com/repos/casey/just/releases/assets/400236949"

[[tools.python]]
version = "3.14.7"
backend = "core:python"

[tools.python."platforms.linux-arm64"]
checksum = "sha256:86dfb106b303fa6a1991f7da42ced3e11576f777be299b3162e06617b6d22542"
url = "https://github.com/astral-sh/python-build-standalone/releases/download/20260814/cpython-3.14.7+20260814-aarch64-unknown-linux-gnu-install_only_stripped.tar.gz"
provenance = "github-attestations"

[tools.python."platforms.linux-arm64-musl"]
checksum = "sha256:1bdbb1d5267120b5ba8531332be695693ba49567d28c40dd670545b6a25b70a7"
url = "https://github.com/astral-sh/python-build-standalone/releases/download/20260814/cpython-3.14.7+20260814-aarch64-unknown-linux-musl-install_only_stripped.tar.gz"
provenance = "github-attestations"

[tools.python."platforms.linux-x64"]
checksum = "sha256:cefba034445d2875408d1fd4d5700ae6731563aeb54dcb39fd8164ab5c457533"
url = "https://github.com/astral-sh/python-build-standalone/releases/download/20260814/cpython-3.14.7+20260814-x86_64-unknown-linux-gnu-install_only_stripped.tar.gz"
provenance = "github-attestations"

[tools.python."platforms.linux-x64-musl"]
checksum = "sha256:d92793e7c75f88e0ebfe3f6dc9a80b1571e287537938c536b07c60f9c23d6360"
url = "https://github.com/astral-sh/python-build-standalone/releases/download/20260814/cpython-3.14.7+20260814-x86_64-unknown-linux-musl-install_only_stripped.tar.gz"
provenance = "github-attestations"

[tools.python."platforms.macos-arm64"]
checksum = "sha256:423717c485b9ee7822590b9d973c1b5fb2cda0fe43448ab82a3d44f823bd329c"
url = "https://github.com/astral-sh/python-build-standalone/releases/download/20260814/cpython-3.14.7+20260814-aarch64-apple-darwin-install_only_stripped.tar.gz"
provenance = "github-attestations"

[tools.python."platforms.macos-x64"]
checksum = "sha256:e085b44e21d9c60acd866680747e1f82800cf9a1630a369da1723976d87bead1"
url = "https://github.com/astral-sh/python-build-standalone/releases/download/20260814/cpython-3.14.7+20260814-x86_64-apple-darwin-install_only_stripped.tar.gz"
provenance = "github-attestations"

[tools.python."platforms.windows-x64"]
checksum = "sha256:649e1eebf754a5ca76ddfda8c498ff25c574599408b8a52b6a2c24265fd6314c"
url = "https://github.com/astral-sh/python-build-standalone/releases/download/20260814/cpython-3.14.7+20260814-x86_64-pc-windows-msvc-install_only_stripped.tar.gz"
provenance = "github-attestations"

[[tools.uv]]
version = "0.12.5"
backend = "asdf:uv"
